
Microsoft Visual Studio Solution File, Format Version 12.00
# Visual Studio Version 17
VisualStudioVersion = 17.14.36414.22
MinimumVisualStudioVersion = 10.0.40219.1
Project("{E24C65DC-7377-472B-9ABA-BC803B73C61A}") = "HelloWorldGAC", "HelloWorldGAC\", "{DE53B32F-1FFA-3FDF-70B4-594C15E23641}"
	ProjectSection(WebsiteProperties) = preProject
		TargetFrameworkMoniker = ".NETFramework,Version%3Dv4.6.2"
		ProjectReferences = "{f6234969-5b45-4dca-82fe-62635f374243}|HelloWorldLibrary.dll;"
		Debug.AspNetCompiler.VirtualPath = "/localhost_22435"
		Debug.AspNetCompiler.PhysicalPath = "HelloWorldGAC\"
		Debug.AspNetCompiler.TargetPath = "PrecompiledWeb\localhost_22435\"
		Debug.AspNetCompiler.Updateable = "true"
		Debug.AspNetCompiler.ForceOverwrite = "true"
		Debug.AspNetCompiler.FixedNames = "false"
		Debug.AspNetCompiler.Debug = "True"
		Release.AspNetCompiler.VirtualPath = "/localhost_22435"
		Release.AspNetCompiler.PhysicalPath = "HelloWorldGAC\"
		Release.AspNetCompiler.TargetPath = "PrecompiledWeb\localhost_22435\"
		Release.AspNetCompiler.Updateable = "true"
		Release.AspNetCompiler.ForceOverwrite = "true"
		Release.AspNetCompiler.FixedNames = "false"
		Release.AspNetCompiler.Debug = "False"
		VWDPort = "22435"
		SlnRelativePath = "HelloWorldGAC\"
		DefaultWebSiteLanguage = "Visual C#"
	EndProjectSection
EndProject
Project("{FAE04EC0-301F-11D3-BF4B-00C04F79EFBC}") = "HelloWorldLibrary", "..\HelloWorldLibrary\HelloWorldLibrary.csproj", "{F6234969-5B45-4DCA-82FE-62635F374243}"
EndProject
Global
	GlobalSection(SolutionConfigurationPlatforms) = preSolution
		Debug|Any CPU = Debug|Any CPU
		Release|Any CPU = Release|Any CPU
	EndGlobalSection
	GlobalSection(ProjectConfigurationPlatforms) = postSolution
		{DE53B32F-1FFA-3FDF-70B4-594C15E23641}.Debug|Any CPU.ActiveCfg = Debug|Any CPU
		{DE53B32F-1FFA-3FDF-70B4-594C15E23641}.Debug|Any CPU.Build.0 = Debug|Any CPU
		{DE53B32F-1FFA-3FDF-70B4-594C15E23641}.Release|Any CPU.ActiveCfg = Debug|Any CPU
		{DE53B32F-1FFA-3FDF-70B4-594C15E23641}.Release|Any CPU.Build.0 = Debug|Any CPU
		{F6234969-5B45-4DCA-82FE-62635F374243}.Debug|Any CPU.ActiveCfg = Debug|Any CPU
		{F6234969-5B45-4DCA-82FE-62635F374243}.Debug|Any CPU.Build.0 = Debug|Any CPU
		{F6234969-5B45-4DCA-82FE-62635F374243}.Release|Any CPU.ActiveCfg = Release|Any CPU
		{F6234969-5B45-4DCA-82FE-62635F374243}.Release|Any CPU.Build.0 = Release|Any CPU
	EndGlobalSection
	GlobalSection(SolutionProperties) = preSolution
		HideSolutionNode = FALSE
	EndGlobalSection
	GlobalSection(ExtensibilityGlobals) = postSolution
		SolutionGuid = {70ED3F22-CE03-4EF0-8466-4B0096D509BB}
	EndGlobalSection
EndGlobal
